
Microsoft Visual Studio Solution File, Format Version 12.00
# Visual Studio Version 17
VisualStudioVersion = 17.9.34728.123
MinimumVisualStudioVersion = 10.0.40219.1
Project("{FAE04EC0-301F-11D3-BF4B-00C04F79EFBC}") = "PostmanCloneLibrary", "PostmanCloneLibrary\PostmanCloneLibrary.csproj", "{432E13EE-99D5-4008-BB2B-BFAD25294F75}"
EndProject
Project("{FAE04EC0-301F-11D3-BF4B-00C04F79EFBC}") = "PostmanCloneUI", "PostmanCloneUI\PostmanCloneUI.csproj", "{26ACA1F0-A25A-41E0-8C5D-C686C55E295A}"
EndProject
Global
	GlobalSection(SolutionConfigurationPlatforms) = preSolution
		Debug|Any CPU = Debug|Any CPU
		Release|Any CPU = Release|Any CPU
	EndGlobalSection
	GlobalSection(ProjectConfigurationPlatforms) = postSolution
		{432E13EE-99D5-4008-BB2B-BFAD25294F75}.Debug|Any CPU.ActiveCfg = Debug|Any CPU
		{432E13EE-99D5-4008-BB2B-BFAD25294F75}.Debug|Any CPU.Build.0 = Debug|Any CPU
		{432E13EE-99D5-4008-BB2B-BFAD25294F75}.Release|Any CPU.ActiveCfg = Release|Any CPU
		{432E13EE-99D5-4008-BB2B-BFAD25294F75}.Release|Any CPU.Build.0 = Release|Any CPU
		{26ACA1F0-A25A-41E0-8C5D-C686C55E295A}.Debug|Any CPU.ActiveCfg = Debug|Any CPU
		{26ACA1F0-A25A-41E0-8C5D-C686C55E295A}.Debug|Any CPU.Build.0 = Debug|Any CPU
		{26ACA1F0-A25A-41E0-8C5D-C686C55E295A}.Release|Any CPU.ActiveCfg = Release|Any CPU
		{26ACA1F0-A25A-41E0-8C5D-C686C55E295A}.Release|Any CPU.Build.0 = Release|Any CPU
	EndGlobalSection
	GlobalSection(SolutionProperties) = preSolution
		HideSolutionNode = FALSE
	EndGlobalSection
	GlobalSection(ExtensibilityGlobals) = postSolution
		SolutionGuid = {56E8A646-0733-4843-9355-1601AA6DCCED}
	EndGlobalSection
EndGlobal
